
Microsoft Visual Studio Solution File, Format Version 12.00
# Visual Studio Version 16
VisualStudioVersion = 16.0.31613.86
MinimumVisualStudioVersion = 10.0.40219.1
Project("{FAE04EC0-301F-11D3-BF4B-00C04F79EFBC}") = "Class4", "Class4.csproj", "{5314378A-5A06-4D0B-BCA7-F34BC7047E26}"
EndProject
Global
	GlobalSection(SolutionConfigurationPlatforms) = preSolution
		Debug|Any CPU = Debug|Any CPU
		Release|Any CPU = Release|Any CPU
	EndGlobalSection
	GlobalSection(ProjectConfigurationPlatforms) = postSolution
		{5314378A-5A06-4D0B-BCA7-F34BC7047E26}.Debug|Any CPU.ActiveCfg = Debug|Any CPU
		{5314378A-5A06-4D0B-BCA7-F34BC7047E26}.Debug|Any CPU.Build.0 = Debug|Any CPU
		{5314378A-5A06-4D0B-BCA7-F34BC7047E26}.Release|Any CPU.ActiveCfg = Release|Any CPU
		{5314378A-5A06-4D0B-BCA7-F34BC7047E26}.Release|Any CPU.Build.0 = Release|Any CPU
	EndGlobalSection
	GlobalSection(SolutionProperties) = preSolution
		HideSolutionNode = FALSE
	EndGlobalSection
	GlobalSection(ExtensibilityGlobals) = postSolution
		SolutionGuid = {207779DF-5117-4221-A6F4-D674AFCCC68C}
	EndGlobalSection
EndGlobal
