
Microsoft Visual Studio Solution File, Format Version 12.00
# Visual Studio Version 16
VisualStudioVersion = 16.0.31613.86
MinimumVisualStudioVersion = 10.0.40219.1
Project("{FAE04EC0-301F-11D3-BF4B-00C04F79EFBC}") = "Collatz", "Collatz.csproj", "{7470FE8D-F5D4-4A11-A61C-5BF262B79FB9}"
EndProject
Global
	GlobalSection(SolutionConfigurationPlatforms) = preSolution
		Debug|Any CPU = Debug|Any CPU
		Release|Any CPU = Release|Any CPU
	EndGlobalSection
	GlobalSection(ProjectConfigurationPlatforms) = postSolution
		{7470FE8D-F5D4-4A11-A61C-5BF262B79FB9}.Debug|Any CPU.ActiveCfg = Debug|Any CPU
		{7470FE8D-F5D4-4A11-A61C-5BF262B79FB9}.Debug|Any CPU.Build.0 = Debug|Any CPU
		{7470FE8D-F5D4-4A11-A61C-5BF262B79FB9}.Release|Any CPU.ActiveCfg = Release|Any CPU
		{7470FE8D-F5D4-4A11-A61C-5BF262B79FB9}.Release|Any CPU.Build.0 = Release|Any CPU
	EndGlobalSection
	GlobalSection(SolutionProperties) = preSolution
		HideSolutionNode = FALSE
	EndGlobalSection
	GlobalSection(ExtensibilityGlobals) = postSolution
		SolutionGuid = {DDEC3F63-9E1C-48E0-89DF-028AD9508230}
	EndGlobalSection
EndGlobal
